// !$*UTF8*$!
{
	archiveVersion = 1;
	classes = {
	};
	objectVersion = 56;
	objects = {

/* Begin PBXBuildFile section */
		72656AE42AFC6B0A007BBF29 /* TripSummaryViewController.swift in Sources */ = {isa = PBXBuildFile; fileRef = 72656AE32AFC6B0A007BBF29 /* TripSummaryViewController.swift */; };
		728B179C2AFAED47008244D0 /* AppDelegate.swift in Sources */ = {isa = PBXBuildFile; fileRef = 728B179B2AFAED47008244D0 /* AppDelegate.swift */; };
		728B179E2AFAED47008244D0 /* SceneDelegate.swift in Sources */ = {isa = PBXBuildFile; fileRef = 728B179D2AFAED47008244D0 /* SceneDelegate.swift */; };
		728B17A32AFAED47008244D0 /* Main.storyboard in Resources */ = {isa = PBXBuildFile; fileRef = 728B17A12AFAED47008244D0 /* Main.storyboard */; };
		728B17A52AFAED49008244D0 /* Assets.xcassets in Resources */ = {isa = PBXBuildFile; fileRef = 728B17A42AFAED49008244D0 /* Assets.xcassets */; };
		728B17A82AFAED49008244D0 /* LaunchScreen.storyboard in Resources */ = {isa = PBXBuildFile; fileRef = 728B17A62AFAED49008244D0 /* LaunchScreen.storyboard */; };
		728B17B32AFAED49008244D0 /* DriveUrWayTests.swift in Sources */ = {isa = PBXBuildFile; fileRef = 728B17B22AFAED49008244D0 /* DriveUrWayTests.swift */; };
		728B17BD2AFAED49008244D0 /* DriveUrWayUITests.swift in Sources */ = {isa = PBXBuildFile; fileRef = 728B17BC2AFAED49008244D0 /* DriveUrWayUITests.swift */; };
		728B17BF2AFAED49008244D0 /* DriveUrWayUITestsLaunchTests.swift in Sources */ = {isa = PBXBuildFile; fileRef = 728B17BE2AFAED49008244D0 /* DriveUrWayUITestsLaunchTests.swift */; };
/* End PBXBuildFile section */

/* Begin PBXContainerItemProxy section */
		728B17AF2AFAED49008244D0 /* PBXContainerItemProxy */ = {
			isa = PBXContainerItemProxy;
			containerPortal = 728B17902AFAED47008244D0 /* Project object */;
			proxyType = 1;
			remoteGlobalIDString = 728B17972AFAED47008244D0;
			remoteInfo = DriveUrWay;
		};
		728B17B92AFAED49008244D0 /* PBXContainerItemProxy */ = {
			isa = PBXContainerItemProxy;
			containerPortal = 728B17902AFAED47008244D0 /* Project object */;
			proxyType = 1;
			remoteGlobalIDString = 728B17972AFAED47008244D0;
			remoteInfo = DriveUrWay;
		};
/* End PBXContainerItemProxy section */

/* Begin PBXFileReference section */
		72656AE32AFC6B0A007BBF29 /* TripSummaryViewController.swift */ = {isa = PBXFileReference; lastKnownFileType = sourcecode.swift; path = TripSummaryViewController.swift; sourceTree = "<group>"; };
		728B17982AFAED47008244D0 /* DriveUrWay.app */ = {isa = PBXFileReference; explicitFileType = wrapper.application; includeInIndex = 0; path = DriveUrWay.app; sourceTree = BUILT_PRODUCTS_DIR; };
		728B179B2AFAED47008244D0 /* AppDelegate.swift */ = {isa = PBXFileReference; lastKnownFileType = sourcecode.swift; path = AppDelegate.swift; sourceTree = "<group>"; };
		728B179D2AFAED47008244D0 /* SceneDelegate.swift */ = {isa = PBXFileReference; lastKnownFileType = sourcecode.swift; path = SceneDelegate.swift; sourceTree = "<group>"; };
		728B17A22AFAED47008244D0 /* Base */ = {isa = PBXFileReference; lastKnownFileType = file.storyboard; name = Base; path = Base.lproj/Main.storyboard; sourceTree = "<group>"; };
		728B17A42AFAED49008244D0 /* Assets.xcassets */ = {isa = PBXFileReference; lastKnownFileType = folder.assetcatalog; path = Assets.xcassets; sourceTree = "<group>"; };
		728B17A72AFAED49008244D0 /* Base */ = {isa = PBXFileReference; lastKnownFileType = file.storyboard; name = Base; path = Base.lproj/LaunchScreen.storyboard; sourceTree = "<group>"; };
		728B17A92AFAED49008244D0 /* Info.plist */ = {isa = PBXFileReference; lastKnownFileType = text.plist.xml; path = Info.plist; sourceTree = "<group>"; };
		728B17AE2AFAED49008244D0 /* DriveUrWayTests.xctest */ = {isa = PBXFileReference; explicitFileType = wrapper.cfbundle; includeInIndex = 0; path = DriveUrWayTests.xctest; sourceTree = BUILT_PRODUCTS_DIR; };
		728B17B22AFAED49008244D0 /* DriveUrWayTests.swift */ = {isa = PBXFileReference; lastKnownFileType = sourcecode.swift; path = DriveUrWayTests.swift; sourceTree = "<group>"; };
		728B17B82AFAED49008244D0 /* DriveUrWayUITests.xctest */ = {isa = PBXFileReference; explicitFileType = wrapper.cfbundle; includeInIndex = 0; path = DriveUrWayUITests.xctest; sourceTree = BUILT_PRODUCTS_DIR; };
		728B17BC2AFAED49008244D0 /* DriveUrWayUITests.swift */ = {isa = PBXFileReference; lastKnownFileType = sourcecode.swift; path = DriveUrWayUITests.swift; sourceTree = "<group>"; };
		728B17BE2AFAED49008244D0 /* DriveUrWayUITestsLaunchTests.swift */ = {isa = PBXFileReference; lastKnownFileType = sourcecode.swift; path = DriveUrWayUITestsLaunchTests.swift; sourceTree = "<group>"; };
/* End PBXFileReference section */

/* Begin PBXFrameworksBuildPhase section */
		728B17952AFAED47008244D0 /* Frameworks */ = {
			isa = PBXFrameworksBuildPhase;
			buildActionMask = 2147483647;
			files = (
			);
			runOnlyForDeploymentPostprocessing = 0;
		};
		728B17AB2AFAED49008244D0 /* Frameworks */ = {
			isa = PBXFrameworksBuildPhase;
			buildActionMask = 2147483647;
			files = (
			);
			runOnlyForDeploymentPostprocessing = 0;
		};
		728B17B52AFAED49008244D0 /* Frameworks */ = {
			isa = PBXFrameworksBuildPhase;
			buildActionMask = 2147483647;
			files = (
			);
			runOnlyForDeploymentPostprocessing = 0;
		};
/* End PBXFrameworksBuildPhase section */

/* Begin PBXGroup section */
		728B178F2AFAED47008244D0 = {
			isa = PBXGroup;
			children = (
				728B179A2AFAED47008244D0 /* DriveUrWay */,
				728B17B12AFAED49008244D0 /* DriveUrWayTests */,
				728B17BB2AFAED49008244D0 /* DriveUrWayUITests */,
				728B17992AFAED47008244D0 /* Products */,
			);
			sourceTree = "<group>";
		};
		728B17992AFAED47008244D0 /* Products */ = {
			isa = PBXGroup;
			children = (
				728B17982AFAED47008244D0 /* DriveUrWay.app */,
				728B17AE2AFAED49008244D0 /* DriveUrWayTests.xctest */,
				728B17B82AFAED49008244D0 /* DriveUrWayUITests.xctest */,
			);
			name = Products;
			sourceTree = "<group>";
		};
		728B179A2AFAED47008244D0 /* DriveUrWay */ = {
			isa = PBXGroup;
			children = (
				728B179B2AFAED47008244D0 /* AppDelegate.swift */,
				728B179D2AFAED47008244D0 /* SceneDelegate.swift */,
				72656AE32AFC6B0A007BBF29 /* TripSummaryViewController.swift */,
				728B17A12AFAED47008244D0 /* Main.storyboard */,
				728B17A42AFAED49008244D0 /* Assets.xcassets */,
				728B17A62AFAED49008244D0 /* LaunchScreen.storyboard */,
				728B17A92AFAED49008244D0 /* Info.plist */,
			);
			path = DriveUrWay;
			sourceTree = "<group>";
		};
		728B17B12AFAED49008244D0 /* DriveUrWayTests */ = {
			isa = PBXGroup;
			children = (
				728B17B22AFAED49008244D0 /* DriveUrWayTests.swift */,
			);
			path = DriveUrWayTests;
			sourceTree = "<group>";
		};
		728B17BB2AFAED49008244D0 /* DriveUrWayUITests */ = {
			isa = PBXGroup;
			children = (
				728B17BC2AFAED49008244D0 /* DriveUrWayUITests.swift */,
				728B17BE2AFAED49008244D0 /* DriveUrWayUITestsLaunchTests.swift */,
			);
			path = DriveUrWayUITests;
			sourceTree = "<group>";
		};
/* End PBXGroup section */

/* Begin PBXNativeTarget section */
		728B17972AFAED47008244D0 /* DriveUrWay */ = {
			isa = PBXNativeTarget;
			buildConfigurationList = 728B17C22AFAED49008244D0 /* Build configuration list for PBXNativeTarget "DriveUrWay" */;
			buildPhases = (
				728B17942AFAED47008244D0 /* Sources */,
				728B17952AFAED47008244D0 /* Frameworks */,
				728B17962AFAED47008244D0 /* Resources */,
			);
			buildRules = (
			);
			dependencies = (
			);
			name = DriveUrWay;
			productName = DriveUrWay;
			productReference = 728B17982AFAED47008244D0 /* DriveUrWay.app */;
			productType = "com.apple.product-type.application";
		};
		728B17AD2AFAED49008244D0 /* DriveUrWayTests */ = {
			isa = PBXNativeTarget;
			buildConfigurationList = 728B17C52AFAED49008244D0 /* Build configuration list for PBXNativeTarget "DriveUrWayTests" */;
			buildPhases = (
				728B17AA2AFAED49008244D0 /* Sources */,
				728B17AB2AFAED49008244D0 /* Frameworks */,
				728B17AC2AFAED49008244D0 /* Resources */,
			);
			buildRules = (
			);
			dependencies = (
				728B17B02AFAED49008244D0 /* PBXTargetDependency */,
			);
			name = DriveUrWayTests;
			productName = DriveUrWayTests;
			productReference = 728B17AE2AFAED49008244D0 /* DriveUrWayTests.xctest */;
			productType = "com.apple.product-type.bundle.unit-test";
		};
		728B17B72AFAED49008244D0 /* DriveUrWayUITests */ = {
			isa = PBXNativeTarget;
			buildConfigurationList = 728B17C82AFAED49008244D0 /* Build configuration list for PBXNativeTarget "DriveUrWayUITests" */;
			buildPhases = (
				728B17B42AFAED49008244D0 /* Sources */,
				728B17B52AFAED49008244D0 /* Frameworks */,
				728B17B62AFAED49008244D0 /* Resources */,
			);
			buildRules = (
			);
			dependencies = (
				728B17BA2AFAED49008244D0 /* PBXTargetDependency */,
			);
			name = DriveUrWayUITests;
			productName = DriveUrWayUITests;
			productReference = 728B17B82AFAED49008244D0 /* DriveUrWayUITests.xctest */;
			productType = "com.apple.product-type.bundle.ui-testing";
		};
/* End PBXNativeTarget section */

/* Begin PBXProject section */
		728B17902AFAED47008244D0 /* Project object */ = {
			isa = PBXProject;
			attributes = {
				BuildIndependentTargetsInParallel = 1;
				LastSwiftUpdateCheck = 1500;
				LastUpgradeCheck = 1500;
				TargetAttributes = {
					728B17972AFAED47008244D0 = {
						CreatedOnToolsVersion = 15.0;
					};
					728B17AD2AFAED49008244D0 = {
						CreatedOnToolsVersion = 15.0;
						TestTargetID = 728B17972AFAED47008244D0;
					};
					728B17B72AFAED49008244D0 = {
						CreatedOnToolsVersion = 15.0;
						TestTargetID = 728B17972AFAED47008244D0;
					};
				};
			};
			buildConfigurationList = 728B17932AFAED47008244D0 /* Build configuration list for PBXProject "DriveUrWay" */;
			compatibilityVersion = "Xcode 14.0";
			developmentRegion = en;
			hasScannedForEncodings = 0;
			knownRegions = (
				en,
				Base,
			);
			mainGroup = 728B178F2AFAED47008244D0;
			productRefGroup = 728B17992AFAED47008244D0 /* Products */;
			projectDirPath = "";
			projectRoot = "";
			targets = (
				728B17972AFAED47008244D0 /* DriveUrWay */,
				728B17AD2AFAED49008244D0 /* DriveUrWayTests */,
				728B17B72AFAED49008244D0 /* DriveUrWayUITests */,
			);
		};
/* End PBXProject section */

/* Begin PBXResourcesBuildPhase section */
		728B17962AFAED47008244D0 /* Resources */ = {
			isa = PBXResourcesBuildPhase;
			buildActionMask = 2147483647;
			files = (
				728B17A82AFAED49008244D0 /* LaunchScreen.storyboard in Resources */,
				728B17A52AFAED49008244D0 /* Assets.xcassets in Resources */,
				728B17A32AFAED47008244D0 /* Main.storyboard in Resources */,
			);
			runOnlyForDeploymentPostprocessing = 0;
		};
		728B17AC2AFAED49008244D0 /* Resources */ = {
			isa = PBXResourcesBuildPhase;
			buildActionMask = 2147483647;
			files = (
			);
			runOnlyForDeploymentPostprocessing = 0;
		};
		728B17B62AFAED49008244D0 /* Resources */ = {
			isa = PBXResourcesBuildPhase;
			buildActionMask = 2147483647;
			files = (
			);
			runOnlyForDeploymentPostprocessing = 0;
		};
/* End PBXResourcesBuildPhase section */

/* Begin PBXSourcesBuildPhase section */
		728B17942AFAED47008244D0 /* Sources */ = {
			isa = PBXSourcesBuildPhase;
			buildActionMask = 2147483647;
			files = (
				728B179C2AFAED47008244D0 /* AppDelegate.swift in Sources */,
				72656AE42AFC6B0A007BBF29 /* TripSummaryViewController.swift in Sources */,
				728B179E2AFAED47008244D0 /* SceneDelegate.swift in Sources */,
			);
			runOnlyForDeploymentPostprocessing = 0;
		};
		728B17AA2AFAED49008244D0 /* Sources */ = {
			isa = PBXSourcesBuildPhase;
			buildActionMask = 2147483647;
			files = (
				728B17B32AFAED49008244D0 /* DriveUrWayTests.swift in Sources */,
			);
			runOnlyForDeploymentPostprocessing = 0;
		};
		728B17B42AFAED49008244D0 /* Sources */ = {
			isa = PBXSourcesBuildPhase;
			buildActionMask = 2147483647;
			files = (
				728B17BF2AFAED49008244D0 /* DriveUrWayUITestsLaunchTests.swift in Sources */,
				728B17BD2AFAED49008244D0 /* DriveUrWayUITests.swift in Sources */,
			);
			runOnlyForDeploymentPostprocessing = 0;
		};
/* End PBXSourcesBuildPhase section */

/* Begin PBXTargetDependency section */
		728B17B02AFAED49008244D0 /* PBXTargetDependency */ = {
			isa = PBXTargetDependency;
			target = 728B17972AFAED47008244D0 /* DriveUrWay */;
			targetProxy = 728B17AF2AFAED49008244D0 /* PBXContainerItemProxy */;
		};
		728B17BA2AFAED49008244D0 /* PBXTargetDependency */ = {
			isa = PBXTargetDependency;
			target = 728B17972AFAED47008244D0 /* DriveUrWay */;
			targetProxy = 728B17B92AFAED49008244D0 /* PBXContainerItemProxy */;
		};
/* End PBXTargetDependency section */

/* Begin PBXVariantGroup section */
		728B17A12AFAED47008244D0 /* Main.storyboard */ = {
			isa = PBXVariantGroup;
			children = (
				728B17A22AFAED47008244D0 /* Base */,
			);
			name = Main.storyboard;
			sourceTree = "<group>";
		};
		728B17A62AFAED49008244D0 /* LaunchScreen.storyboard */ = {
			isa = PBXVariantGroup;
			children = (
				728B17A72AFAED49008244D0 /* Base */,
			);
			name = LaunchScreen.storyboard;
			sourceTree = "<group>";
		};
/* End PBXVariantGroup section */

/* Begin XCBuildConfiguration section */
		728B17C02AFAED49008244D0 /* Debug */ = {
			isa = XCBuildConfiguration;
			buildSettings = {
				ALWAYS_SEARCH_USER_PATHS = NO;
				ASSETCATALOG_COMPILER_GENERATE_SWIFT_ASSET_SYMBOL_EXTENSIONS = YES;
				CLANG_ANALYZER_NONNULL = YES;
				CLANG_ANALYZER_NUMBER_OBJECT_CONVERSION = YES_AGGRESSIVE;
				CLANG_CXX_LANGUAGE_STANDARD = "gnu++20";
				CLANG_ENABLE_MODULES = YES;
				CLANG_ENABLE_OBJC_ARC = YES;
				CLANG_ENABLE_OBJC_WEAK = YES;
				CLANG_WARN_BLOCK_CAPTURE_AUTORELEASING = YES;
				CLANG_WARN_BOOL_CONVERSION = YES;
				CLANG_WARN_COMMA = YES;
				CLANG_WARN_CONSTANT_CONVERSION = YES;
				CLANG_WARN_DEPRECATED_OBJC_IMPLEMENTATIONS = YES;
				CLANG_WARN_DIRECT_OBJC_ISA_USAGE = YES_ERROR;
				CLANG_WARN_DOCUMENTATION_COMMENTS = YES;
				CLANG_WARN_EMPTY_BODY = YES;
				CLANG_WARN_ENUM_CONVERSION = YES;
				CLANG_WARN_INFINITE_RECURSION = YES;
				CLANG_WARN_INT_CONVERSION = YES;
				CLANG_WARN_NON_LITERAL_NULL_CONVERSION = YES;
				CLANG_WARN_OBJC_IMPLICIT_RETAIN_SELF = YES;
				CLANG_WARN_OBJC_LITERAL_CONVERSION = YES;
				CLANG_WARN_OBJC_ROOT_CLASS = YES_ERROR;
				CLANG_WARN_QUOTED_INCLUDE_IN_FRAMEWORK_HEADER = YES;
				CLANG_WARN_RANGE_LOOP_ANALYSIS = YES;
				CLANG_WARN_STRICT_PROTOTYPES = YES;
				CLANG_WARN_SUSPICIOUS_MOVE = YES;
				CLANG_WARN_UNGUARDED_AVAILABILITY = YES_AGGRESSIVE;
				CLANG_WARN_UNREACHABLE_CODE = YES;
				CLANG_WARN__DUPLICATE_METHOD_MATCH = YES;
				COPY_PHASE_STRIP = NO;
				DEBUG_INFORMATION_FORMAT = dwarf;
				ENABLE_STRICT_OBJC_MSGSEND = YES;
				ENABLE_TESTABILITY = YES;
				ENABLE_USER_SCRIPT_SANDBOXING = YES;
				GCC_C_LANGUAGE_STANDARD = gnu17;
				GCC_DYNAMIC_NO_PIC = NO;
				GCC_NO_COMMON_BLOCKS = YES;
				GCC_OPTIMIZATION_LEVEL = 0;
				GCC_PREPROCESSOR_DEFINITIONS = (
					"DEBUG=1",
					"$(inherited)",
				);
				GCC_WARN_64_TO_32_BIT_CONVERSION = YES;
				GCC_WARN_ABOUT_RETURN_TYPE = YES_ERROR;
				GCC_WARN_UNDECLARED_SELECTOR = YES;
				GCC_WARN_UNINITIALIZED_AUTOS = YES_AGGRESSIVE;
				GCC_WARN_UNUSED_FUNCTION = YES;
				GCC_WARN_UNUSED_VARIABLE = YES;
				IPHONEOS_DEPLOYMENT_TARGET = 17.0;
				LOCALIZATION_PREFERS_STRING_CATALOGS = YES;
				MTL_ENABLE_DEBUG_INFO = INCLUDE_SOURCE;
				MTL_FAST_MATH = YES;
				ONLY_ACTIVE_ARCH = YES;
				SDKROOT = iphoneos;
				SWIFT_ACTIVE_COMPILATION_CONDITIONS = "DEBUG $(inherited)";
				SWIFT_OPTIMIZATION_LEVEL = "-Onone";
			};
			name = Debug;
		};
		728B17C12AFAED49008244D0 /* Release */ = {
			isa = XCBuildConfiguration;
			buildSettings = {
				ALWAYS_SEARCH_USER_PATHS = NO;
				ASSETCATALOG_COMPILER_GENERATE_SWIFT_ASSET_SYMBOL_EXTENSIONS = YES;
				CLANG_ANALYZER_NONNULL = YES;
				CLANG_ANALYZER_NUMBER_OBJECT_CONVERSION = YES_AGGRESSIVE;
				CLANG_CXX_LANGUAGE_STANDARD = "gnu++20";
				CLANG_ENABLE_MODULES = YES;
				CLANG_ENABLE_OBJC_ARC = YES;
				CLANG_ENABLE_OBJC_WEAK = YES;
				CLANG_WARN_BLOCK_CAPTURE_AUTORELEASING = YES;
				CLANG_WARN_BOOL_CONVERSION = YES;
				CLANG_WARN_COMMA = YES;
				CLANG_WARN_CONSTANT_CONVERSION = YES;
				CLANG_WARN_DEPRECATED_OBJC_IMPLEMENTATIONS = YES;
				CLANG_WARN_DIRECT_OBJC_ISA_USAGE = YES_ERROR;
				CLANG_WARN_DOCUMENTATION_COMMENTS = YES;
				CLANG_WARN_EMPTY_BODY = YES;
				CLANG_WARN_ENUM_CONVERSION = YES;
				CLANG_WARN_INFINITE_RECURSION = YES;
				CLANG_WARN_INT_CONVERSION = YES;
				CLANG_WARN_NON_LITERAL_NULL_CONVERSION = YES;
				CLANG_WARN_OBJC_IMPLICIT_RETAIN_SELF = YES;
				CLANG_WARN_OBJC_LITERAL_CONVERSION = YES;
				CLANG_WARN_OBJC_ROOT_CLASS = YES_ERROR;
				CLANG_WARN_QUOTED_INCLUDE_IN_FRAMEWORK_HEADER = YES;
				CLANG_WARN_RANGE_LOOP_ANALYSIS = YES;
				CLANG_WARN_STRICT_PROTOTYPES = YES;
				CLANG_WARN_SUSPICIOUS_MOVE = YES;
				CLANG_WARN_UNGUARDED_AVAILABILITY = YES_AGGRESSIVE;
				CLANG_WARN_UNREACHABLE_CODE = YES;
				CLANG_WARN__DUPLICATE_METHOD_MATCH = YES;
				COPY_PHASE_STRIP = NO;
				DEBUG_INFORMATION_FORMAT = "dwarf-with-dsym";
				ENABLE_NS_ASSERTIONS = NO;
				ENABLE_STRICT_OBJC_MSGSEND = YES;
				ENABLE_USER_SCRIPT_SANDBOXING = YES;
				GCC_C_LANGUAGE_STANDARD = gnu17;
				GCC_NO_COMMON_BLOCKS = YES;
				GCC_WARN_64_TO_32_BIT_CONVERSION = YES;
				GCC_WARN_ABOUT_RETURN_TYPE = YES_ERROR;
				GCC_WARN_UNDECLARED_SELECTOR = YES;
				GCC_WARN_UNINITIALIZED_AUTOS = YES_AGGRESSIVE;
				GCC_WARN_UNUSED_FUNCTION = YES;
				GCC_WARN_UNUSED_VARIABLE = YES;
				IPHONEOS_DEPLOYMENT_TARGET = 17.0;
				LOCALIZATION_PREFERS_STRING_CATALOGS = YES;
				MTL_ENABLE_DEBUG_INFO = NO;
				MTL_FAST_MATH = YES;
				SDKROOT = iphoneos;
				SWIFT_COMPILATION_MODE = wholemodule;
				VALIDATE_PRODUCT = YES;
			};
			name = Release;
		};
		728B17C32AFAED49008244D0 /* Debug */ = {
			isa = XCBuildConfiguration;
			buildSettings = {
				ASSETCATALOG_COMPILER_APPICON_NAME = AppIcon;
				ASSETCATALOG_COMPILER_GLOBAL_ACCENT_COLOR_NAME = AccentColor;
				CODE_SIGN_STYLE = Automatic;
				CURRENT_PROJECT_VERSION = 1;
				DEVELOPMENT_TEAM = 2BMFQ592JR;
				GENERATE_INFOPLIST_FILE = YES;
				INFOPLIST_FILE = DriveUrWay/Info.plist;
				INFOPLIST_KEY_UIApplicationSupportsIndirectInputEvents = YES;
				INFOPLIST_KEY_UILaunchStoryboardName = LaunchScreen;
				INFOPLIST_KEY_UIMainStoryboardFile = Main;
				INFOPLIST_KEY_UISupportedInterfaceOrientations = UIInterfaceOrientationPortrait;
				LD_RUNPATH_SEARCH_PATHS = (
					"$(inherited)",
					"@executable_path/Frameworks",
				);
				MARKETING_VERSION = 1.0;
				PRODUCT_BUNDLE_IDENTIFIER = Conestogac.DriveUrWay;
				PRODUCT_NAME = "$(TARGET_NAME)";
				SUPPORTED_PLATFORMS = "iphoneos iphonesimulator";
				SUPPORTS_MACCATALYST = NO;
				SUPPORTS_MAC_DESIGNED_FOR_IPHONE_IPAD = NO;
				SWIFT_EMIT_LOC_STRINGS = YES;
				SWIFT_VERSION = 5.0;
				TARGETED_DEVICE_FAMILY = 1;
			};
			name = Debug;
		};
		728B17C42AFAED49008244D0 /* Release */ = {
			isa = XCBuildConfiguration;
			buildSettings = {
				ASSETCATALOG_COMPILER_APPICON_NAME = AppIcon;
				ASSETCATALOG_COMPILER_GLOBAL_ACCENT_COLOR_NAME = AccentColor;
				CODE_SIGN_STYLE = Automatic;
				CURRENT_PROJECT_VERSION = 1;
				DEVELOPMENT_TEAM = 2BMFQ592JR;
				GENERATE_INFOPLIST_FILE = YES;
				INFOPLIST_FILE = DriveUrWay/Info.plist;
				INFOPLIST_KEY_UIApplicationSupportsIndirectInputEvents = YES;
				INFOPLIST_KEY_UILaunchStoryboardName = LaunchScreen;
				INFOPLIST_KEY_UIMainStoryboardFile = Main;
				INFOPLIST_KEY_UISupportedInterfaceOrientations = UIInterfaceOrientationPortrait;
				LD_RUNPATH_SEARCH_PATHS = (
					"$(inherited)",
					"@executable_path/Frameworks",
				);
				MARKETING_VERSION = 1.0;
				PRODUCT_BUNDLE_IDENTIFIER = Conestogac.DriveUrWay;
				PRODUCT_NAME = "$(TARGET_NAME)";
				SUPPORTED_PLATFORMS = "iphoneos iphonesimulator";
				SUPPORTS_MACCATALYST = NO;
				SUPPORTS_MAC_DESIGNED_FOR_IPHONE_IPAD = NO;
				SWIFT_EMIT_LOC_STRINGS = YES;
				SWIFT_VERSION = 5.0;
				TARGETED_DEVICE_FAMILY = 1;
			};
			name = Release;
		};
		728B17C62AFAED49008244D0 /* Debug */ = {
			isa = XCBuildConfiguration;
			buildSettings = {
				ALWAYS_EMBED_SWIFT_STANDARD_LIBRARIES = YES;
				BUNDLE_LOADER = "$(TEST_HOST)";
				CODE_SIGN_STYLE = Automatic;
				CURRENT_PROJECT_VERSION = 1;
				DEVELOPMENT_TEAM = 2BMFQ592JR;
				GENERATE_INFOPLIST_FILE = YES;
				IPHONEOS_DEPLOYMENT_TARGET = 17.0;
				MARKETING_VERSION = 1.0;
				PRODUCT_BUNDLE_IDENTIFIER = Conestogac.DriveUrWayTests;
				PRODUCT_NAME = "$(TARGET_NAME)";
				SWIFT_EMIT_LOC_STRINGS = NO;
				SWIFT_VERSION = 5.0;
				TARGETED_DEVICE_FAMILY = "1,2";
				TEST_HOST = "$(BUILT_PRODUCTS_DIR)/DriveUrWay.app/$(BUNDLE_EXECUTABLE_FOLDER_PATH)/DriveUrWay";
			};
			name = Debug;
		};
		728B17C72AFAED49008244D0 /* Release */ = {
			isa = XCBuildConfiguration;
			buildSettings = {
				ALWAYS_EMBED_SWIFT_STANDARD_LIBRARIES = YES;
				BUNDLE_LOADER = "$(TEST_HOST)";
				CODE_SIGN_STYLE = Automatic;
				CURRENT_PROJECT_VERSION = 1;
				DEVELOPMENT_TEAM = 2BMFQ592JR;
				GENERATE_INFOPLIST_FILE = YES;
				IPHONEOS_DEPLOYMENT_TARGET = 17.0;
				MARKETING_VERSION = 1.0;
				PRODUCT_BUNDLE_IDENTIFIER = Conestogac.DriveUrWayTests;
				PRODUCT_NAME = "$(TARGET_NAME)";
				SWIFT_EMIT_LOC_STRINGS = NO;
				SWIFT_VERSION = 5.0;
				TARGETED_DEVICE_FAMILY = "1,2";
				TEST_HOST = "$(BUILT_PRODUCTS_DIR)/DriveUrWay.app/$(BUNDLE_EXECUTABLE_FOLDER_PATH)/DriveUrWay";
			};
			name = Release;
		};
		728B17C92AFAED49008244D0 /* Debug */ = {
			isa = XCBuildConfiguration;
			buildSettings = {
				ALWAYS_EMBED_SWIFT_STANDARD_LIBRARIES = YES;
				CODE_SIGN_STYLE = Automatic;
				CURRENT_PROJECT_VERSION = 1;
				DEVELOPMENT_TEAM = 2BMFQ592JR;
				GENERATE_INFOPLIST_FILE = YES;
				MARKETING_VERSION = 1.0;
				PRODUCT_BUNDLE_IDENTIFIER = Conestogac.DriveUrWayUITests;
				PRODUCT_NAME = "$(TARGET_NAME)";
				SWIFT_EMIT_LOC_STRINGS = NO;
				SWIFT_VERSION = 5.0;
				TARGETED_DEVICE_FAMILY = "1,2";
				TEST_TARGET_NAME = DriveUrWay;
			};
			name = Debug;
		};
		728B17CA2AFAED49008244D0 /* Release */ = {
			isa = XCBuildConfiguration;
			buildSettings = {
				ALWAYS_EMBED_SWIFT_STANDARD_LIBRARIES = YES;
				CODE_SIGN_STYLE = Automatic;
				CURRENT_PROJECT_VERSION = 1;
				DEVELOPMENT_TEAM = 2BMFQ592JR;
				GENERATE_INFOPLIST_FILE = YES;
				MARKETING_VERSION = 1.0;
				PRODUCT_BUNDLE_IDENTIFIER = Conestogac.DriveUrWayUITests;
				PRODUCT_NAME = "$(TARGET_NAME)";
				SWIFT_EMIT_LOC_STRINGS = NO;
				SWIFT_VERSION = 5.0;
				TARGETED_DEVICE_FAMILY = "1,2";
				TEST_TARGET_NAME = DriveUrWay;
			};
			name = Release;
		};
/* End XCBuildConfiguration section */

/* Begin XCConfigurationList section */
		728B17932AFAED47008244D0 /* Build configuration list for PBXProject "DriveUrWay" */ = {
			isa = XCConfigurationList;
			buildConfigurations = (
				728B17C02AFAED49008244D0 /* Debug */,
				728B17C12AFAED49008244D0 /* Release */,
			);
			defaultConfigurationIsVisible = 0;
			defaultConfigurationName = Release;
		};
		728B17C22AFAED49008244D0 /* Build configuration list for PBXNativeTarget "DriveUrWay" */ = {
			isa = XCConfigurationList;
			buildConfigurations = (
				728B17C32AFAED49008244D0 /* Debug */,
				728B17C42AFAED49008244D0 /* Release */,
			);
			defaultConfigurationIsVisible = 0;
			defaultConfigurationName = Release;
		};
		728B17C52AFAED49008244D0 /* Build configuration list for PBXNativeTarget "DriveUrWayTests" */ = {
			isa = XCConfigurationList;
			buildConfigurations = (
				728B17C62AFAED49008244D0 /* Debug */,
				728B17C72AFAED49008244D0 /* Release */,
			);
			defaultConfigurationIsVisible = 0;
			defaultConfigurationName = Release;
		};
		728B17C82AFAED49008244D0 /* Build configuration list for PBXNativeTarget "DriveUrWayUITests" */ = {
			isa = XCConfigurationList;
			buildConfigurations = (
				728B17C92AFAED49008244D0 /* Debug */,
				728B17CA2AFAED49008244D0 /* Release */,
			);
			defaultConfigurationIsVisible = 0;
			defaultConfigurationName = Release;
		};
/* End XCConfigurationList section */
	};
	rootObject = 728B17902AFAED47008244D0 /* Project object */;
}
